# THIS IS AN AUTOGENERATED FILE. DO NOT EDIT THIS FILE DIRECTLY.
# yarn lockfile v1


"@brg/toolbox@latest":
  version "2.1.1-202102160936.0"  
  resolved "https://npm.kickme.space/@brg%2ftoolbox/-/toolbox-2.1.1-202102160936.0.tgz#6012d1ffe68fe1b7111ba1ad61b278f53cbe2db1"
  integrity sha512-b0ixdOF7PzhkN35GFXXYD4nhdGAtLf9Jqw8ysyj5GOSC3OdtgZGkTlXg6/or+u/fenL898SBbsXwhASmqve+Lw==
  dependencies:
    awesome-phonenumber "^2.45.0"

"@transloadit/prettier-bytes@0.0.7":
  version "0.0.7"
  resolved "https://npm.kickme.space/@transloadit%2fprettier-bytes/-/prettier-bytes-0.0.7.tgz#cdb5399f445fdd606ed833872fa0cabdbc51686b"
  integrity sha512-VeJbUb0wEKbcwaSlj5n+LscBl9IPgLPkHVGBkh00cztv6X4L/TJXK58LzFuBKX7/GAfiGhIwH67YTLTlzvIzBA==

"@types/node@14.14.7":
  version "14.14.7"
  resolved "https://npm.kickme.space/@types%2fnode/-/node-14.14.7.tgz#8ea1e8f8eae2430cf440564b98c6dfce1ec5945d"
  integrity sha512-Zw1vhUSQZYw+7u5dAwNbIA9TuTotpzY/OF7sJM9FqPOF3SPjKnxrjoTktXDZgUjybf4cWVBP7O8wvKdSaGHweg==

"@uppy/companion-client@^1.9.0":
  version "1.9.0"
  resolved "https://npm.kickme.space/@uppy%2fcompanion-client/-/companion-client-1.9.0.tgz#948590fdffb58d964eaf18e84993c0f1cb251d85"
  integrity sha512-Z4/ihhDC72CN6QWJI2rrEQlYV2y5Aluk1hZoMiqvgs7++di5XrSIPA+JNFg+3btVhY9irQRYs7eJc8MpEvdfdA==
  dependencies:
    "@uppy/utils" "^3.5.0"
    namespace-emitter "^2.0.1"
    qs-stringify "^1.1.0"
    url-parse "^1.4.7"

"@uppy/core@^1.17.0":
  version "1.17.0"
  resolved "https://npm.kickme.space/@uppy%2fcore/-/core-1.17.0.tgz#5b394372ee3431d5a1bf09623522c0dd794dfe7b"
  integrity sha512-UV84/5yMbplAUCmtOhiJFwtHzmajHr5sqS121MLC4nYfNd0iMRyoXo1E3WHUfxBjOxOwicyNRfxOZ92w3nACUQ==
  dependencies:
    "@transloadit/prettier-bytes" "0.0.7"
    "@uppy/store-default" "^1.2.6"
    "@uppy/utils" "^3.5.0"
    cuid "^2.1.1"
    lodash.throttle "^4.1.1"
    mime-match "^1.0.2"
    namespace-emitter "^2.0.1"
    preact "8.2.9"

"@uppy/file-input@^1.4.25":
  version "1.4.25"
  resolved "https://npm.kickme.space/@uppy%2ffile-input/-/file-input-1.4.25.tgz#225fe220d55bc05e87f1686382c4773751156ea4"
  integrity sha512-O6eMOFjEOzCO6EwUfugSxUisEVboY6fdHeX1dzUOR2FPn1i3RkRxNoY9vconr+0p4UNX+Q5ydveRpwoz0WeI4w==
  dependencies:
    "@uppy/utils" "^3.5.0"
    preact "8.2.9"

"@uppy/store-default@^1.2.6":
  version "1.2.6"
  resolved "https://npm.kickme.space/@uppy%2fstore-default/-/store-default-1.2.6.tgz#97b85d16b1ade12070459cab8532ec22352b2023"
  integrity sha512-YnWSq06iPli5LMkmC1XgNiYvaefPKiBQPD4sQ+SxR95DLymBBv5Q5cFhtxywnfB9Fs8YlVcFg/mJ4OzBbXd6nA==

"@uppy/tus@^1.8.7":
  version "1.8.7"
  resolved "https://npm.kickme.space/@uppy%2ftus/-/tus-1.8.7.tgz#5383b6cf8b1ee3bd7214b2a5e52476b9c9f79bd7"
  integrity sha512-JQCF2un62rk7iaCQBO6YCdLqI8JftrVhxmad5hMudwIaOXmuWWR48SStS/gs8ShcL6syUeLLMZall6IL+ZJWYQ==
  dependencies:
    "@uppy/companion-client" "^1.9.0"
    "@uppy/utils" "^3.5.0"
    tus-js-client "^2.1.1"

"@uppy/utils@^3.5.0":
  version "3.5.0"
  resolved "https://npm.kickme.space/@uppy%2futils/-/utils-3.5.0.tgz#0822f68e8a4c7e833a7ca9ddf387adbd3ea0535c"
  integrity sha512-Hhe8e/ArclSascuRjpwWtiEqAcykh9Qb/tZrA6cw+L4QjoYhxaxnOZOQoPG8LOz+zZS/DgQyF7IjWp+oiHDzag==
  dependencies:
    abortcontroller-polyfill "^1.4.0"
    lodash.throttle "^4.1.1"

abortcontroller-polyfill@^1.4.0:
  version "1.7.1"
  resolved "https://npm.kickme.space/abortcontroller-polyfill/-/abortcontroller-polyfill-1.7.1.tgz#27084bac87d78a7224c8ee78135d05df430c2d2f"
  integrity sha512-yml9NiDEH4M4p0G4AcPkg8AAa4mF3nfYF28VQxaokpO67j9H7gWgmsVWJ/f1Rn+PzsnDYvzJzWIQzCqDKRvWlA==

auto-changelog@^2.2.1:
  version "2.2.1"
  resolved "https://npm.kickme.space/auto-changelog/-/auto-changelog-2.2.1.tgz#a031fbf1dfe140dda2ec8c77a524031478a0e933"
  integrity sha512-XlykJfZrXlWUAADBqGoN1elmntrRcx7oEymyYB3NRPEZxv0TfYHfivmwzejUMnwAdXKCgbQPo7GV5ULs3jwpfw==
  dependencies:
    commander "^5.0.0"
    handlebars "^4.7.3"
    lodash.uniqby "^4.7.0"
    node-fetch "^2.6.0"
    parse-github-url "^1.0.2"
    semver "^6.3.0"

awesome-phonenumber@^2.45.0:
  version "2.48.0"
  resolved "https://npm.kickme.space/awesome-phonenumber/-/awesome-phonenumber-2.48.0.tgz#0f56fc99061a55ddf62ea02e386dfd093a852709"
  integrity sha512-SNAAYLOTkH76v5akcz8gEeo5x4O8ytF1SSWSZ7lPCdAwxncCtrjSZZ3Ja3tbjmpwlH+6C9g0RbUpxLIvKMFAlw==

buffer-from@^0.1.1:
  version "0.1.2"
  resolved "https://npm.kickme.space/buffer-from/-/buffer-from-0.1.2.tgz#15f4b9bcef012044df31142c14333caf6e0260d0"
  integrity sha512-RiWIenusJsmI2KcvqQABB83tLxCByE3upSP8QU3rJDMVFGPWLvPQJt/O1Su9moRWeH7d+Q2HYb68f6+v+tw2vg==

combine-errors@^3.0.3:
  version "3.0.3"
  resolved "https://npm.kickme.space/combine-errors/-/combine-errors-3.0.3.tgz#f4df6740083e5703a3181110c2b10551f003da86"
  integrity sha1-9N9nQAg+VwOjGBEQwrEFUfAD2oY=
  dependencies:
    custom-error-instance "2.1.1"
    lodash.uniqby "4.5.0"

commander@^5.0.0:
  version "5.1.0"
  resolved "https://npm.kickme.space/commander/-/commander-5.1.0.tgz#46abbd1652f8e059bddaef99bbdcb2ad9cf179ae"
  integrity sha512-P0CysNDQ7rtVw4QIQtm+MRxV66vKFSvlsQvGYXZWR3qFU0jlMKHZZZgw8e+8DSah4UDKMqnknRDQz+xuQXQ/Zg==

cuid@^2.1.1:
  version "2.1.8"
  resolved "https://npm.kickme.space/cuid/-/cuid-2.1.8.tgz#cbb88f954171e0d5747606c0139fb65c5101eac0"
  integrity sha512-xiEMER6E7TlTPnDxrM4eRiC6TRgjNX9xzEZ5U/Se2YJKr7Mq4pJn/2XEHjl3STcSh96GmkHPcBXLES8M29wyyg==

custom-error-instance@2.1.1:
  version "2.1.1"
  resolved "https://npm.kickme.space/custom-error-instance/-/custom-error-instance-2.1.1.tgz#3cf6391487a6629a6247eb0ca0ce00081b7e361a"
  integrity sha1-PPY5FIemYppiR+sMoM4ACBt+Nho=

graceful-fs@^4.1.2:
  version "4.2.6"
  resolved "https://npm.kickme.space/graceful-fs/-/graceful-fs-4.2.6.tgz#ff040b2b0853b23c3d31027523706f1885d76bee"
  integrity sha512-nTnJ528pbqxYanhpDYsi4Rd8MAeaBA67+RZ10CM1m3bTAVFEDcd5AuA4a6W5YkGZ1iNXHzZz8T6TBKLeBuNriQ==

handlebars@^4.7.3:
  version "4.7.7"
  resolved "https://npm.kickme.space/handlebars/-/handlebars-4.7.7.tgz#9ce33416aad02dbd6c8fafa8240d5d98004945a1"
  integrity sha512-aAcXm5OAfE/8IXkcZvCepKU3VzW1/39Fb5ZuqMtgI/hT8X2YgoMvBY5dLhq/cpOvw7Lk1nK/UF71aLG/ZnVYRA==
  dependencies:
    minimist "^1.2.5"
    neo-async "^2.6.0"
    source-map "^0.6.1"
    wordwrap "^1.0.0"
  optionalDependencies:
    uglify-js "^3.1.4"

js-base64@^2.6.1:
  version "2.6.4"
  resolved "https://npm.kickme.space/js-base64/-/js-base64-2.6.4.tgz#f4e686c5de1ea1f867dbcad3d46d969428df98c4"
  integrity sha512-pZe//GGmwJndub7ZghVHz7vjb2LgC1m8B07Au3eYqeqv9emhESByMXxaEgkUkEqJe87oBbSniGYoQNIBklc7IQ==

lodash._baseiteratee@~4.7.0:
  version "4.7.0"
  resolved "https://npm.kickme.space/lodash._baseiteratee/-/lodash._baseiteratee-4.7.0.tgz#34a9b5543572727c3db2e78edae3c0e9e66bd102"
  integrity sha1-NKm1VDVycnw9sueO2uPA6eZr0QI=
  dependencies:
    lodash._stringtopath "~4.8.0"

lodash._basetostring@~4.12.0:
  version "4.12.0"
  resolved "https://npm.kickme.space/lodash._basetostring/-/lodash._basetostring-4.12.0.tgz#9327c9dc5158866b7fa4b9d42f4638e5766dd9df"
  integrity sha1-kyfJ3FFYhmt/pLnUL0Y45XZt2d8=

lodash._baseuniq@~4.6.0:
  version "4.6.0"
  resolved "https://npm.kickme.space/lodash._baseuniq/-/lodash._baseuniq-4.6.0.tgz#0ebb44e456814af7905c6212fa2c9b2d51b841e8"
  integrity sha1-DrtE5FaBSveQXGIS+iybLVG4Qeg=
  dependencies:
    lodash._createset "~4.0.0"
    lodash._root "~3.0.0"

lodash._createset@~4.0.0:
  version "4.0.3"
  resolved "https://npm.kickme.space/lodash._createset/-/lodash._createset-4.0.3.tgz#0f4659fbb09d75194fa9e2b88a6644d363c9fe26"
  integrity sha1-D0ZZ+7CddRlPqeK4imZE02PJ/iY=

lodash._root@~3.0.0:
  version "3.0.1"
  resolved "https://npm.kickme.space/lodash._root/-/lodash._root-3.0.1.tgz#fba1c4524c19ee9a5f8136b4609f017cf4ded692"
  integrity sha1-+6HEUkwZ7ppfgTa0YJ8BfPTe1pI=

lodash._stringtopath@~4.8.0:
  version "4.8.0"
  resolved "https://npm.kickme.space/lodash._stringtopath/-/lodash._stringtopath-4.8.0.tgz#941bcf0e64266e5fc1d66fed0a6959544c576824"
  integrity sha1-lBvPDmQmbl/B1m/tCmlZVExXaCQ=
  dependencies:
    lodash._basetostring "~4.12.0"

lodash.throttle@^4.1.1:
  version "4.1.1"
  resolved "https://npm.kickme.space/lodash.throttle/-/lodash.throttle-4.1.1.tgz#c23e91b710242ac70c37f1e1cda9274cc39bf2f4"
  integrity sha1-wj6RtxAkKscMN/HhzaknTMOb8vQ=

lodash.uniqby@4.5.0:
  version "4.5.0"
  resolved "https://npm.kickme.space/lodash.uniqby/-/lodash.uniqby-4.5.0.tgz#a3a17bbf62eeb6240f491846e97c1c4e2a5e1e21"
  integrity sha1-o6F7v2LutiQPSRhG6XwcTipeHiE=
  dependencies:
    lodash._baseiteratee "~4.7.0"
    lodash._baseuniq "~4.6.0"

lodash.uniqby@^4.7.0:
  version "4.7.0"
  resolved "https://npm.kickme.space/lodash.uniqby/-/lodash.uniqby-4.7.0.tgz#d99c07a669e9e6d24e1362dfe266c67616af1302"
  integrity sha1-2ZwHpmnp5tJOE2Lf4mbGdhavEwI=

mime-match@^1.0.2:
  version "1.0.2"
  resolved "https://npm.kickme.space/mime-match/-/mime-match-1.0.2.tgz#3f87c31e9af1a5fd485fb9db134428b23bbb7ba8"
  integrity sha1-P4fDHprxpf1IX7nbE0Qosju7e6g=
  dependencies:
    wildcard "^1.1.0"

minimist@^1.2.5:
  version "1.2.5"
  resolved "https://npm.kickme.space/minimist/-/minimist-1.2.5.tgz#67d66014b66a6a8aaa0c083c5fd58df4e4e97602"
  integrity sha512-FM9nNUYrRBAELZQT3xeZQ7fmMOBg6nWNmJKTcgsJeaLstP/UODVpGsr5OhXhhXg6f+qtJ8uiZ+PUxkDWcgIXLw==

namespace-emitter@^2.0.1:
  version "2.0.1"
  resolved "https://npm.kickme.space/namespace-emitter/-/namespace-emitter-2.0.1.tgz#978d51361c61313b4e6b8cf6f3853d08dfa2b17c"
  integrity sha512-N/sMKHniSDJBjfrkbS/tpkPj4RAbvW3mr8UAzvlMHyun93XEm83IAvhWtJVHo+RHn/oO8Job5YN4b+wRjSVp5g==

neo-async@^2.6.0:
  version "2.6.2"
  resolved "https://npm.kickme.space/neo-async/-/neo-async-2.6.2.tgz#b4aafb93e3aeb2d8174ca53cf163ab7d7308305f"
  integrity sha512-Yd3UES5mWCSqR+qNT93S3UoYUkqAZ9lLg8a7g9rimsWmYGK8cVToA4/sF3RrshdyV3sAGMXVUmpMYOw+dLpOuw==

node-fetch@^2.6.0:
  version "2.6.1"
  resolved "https://npm.kickme.space/node-fetch/-/node-fetch-2.6.1.tgz#045bd323631f76ed2e2b55573394416b639a0052"
  integrity sha512-V4aYg89jEoVRxRb2fJdAg8FHvI7cEyYdVAh94HH0UIK8oJxUfkjlDQN9RbMx+bEjP7+ggMiFRprSti032Oipxw==

parse-github-url@^1.0.2:
  version "1.0.2"
  resolved "https://npm.kickme.space/parse-github-url/-/parse-github-url-1.0.2.tgz#242d3b65cbcdda14bb50439e3242acf6971db395"
  integrity sha512-kgBf6avCbO3Cn6+RnzRGLkUsv4ZVqv/VfAYkRsyBcgkshNvVBkRn1FEZcW0Jb+npXQWm2vHPnnOqFteZxRRGNw==

preact@8.2.9:
  version "8.2.9"
  resolved "https://npm.kickme.space/preact/-/preact-8.2.9.tgz#813ba9dd45e5d97c5ea0d6c86d375b3be711cc40"
  integrity sha512-ThuGXBmJS3VsT+jIP+eQufD3L8pRw/PY3FoCys6O9Pu6aF12Pn9zAJDX99TfwRAFOCEKm/P0lwiPTbqKMJp0fA==

proper-lockfile@^2.0.1:
  version "2.0.1"
  resolved "https://npm.kickme.space/proper-lockfile/-/proper-lockfile-2.0.1.tgz#159fb06193d32003f4b3691dd2ec1a634aa80d1d"
  integrity sha1-FZ+wYZPTIAP0s2kd0uwaY0qoDR0=
  dependencies:
    graceful-fs "^4.1.2"
    retry "^0.10.0"

qs-stringify@^1.1.0:
  version "1.2.1"
  resolved "https://npm.kickme.space/qs-stringify/-/qs-stringify-1.2.1.tgz#9b39ef6b816bd83309628fc9dad435fc0eccc28b"
  integrity sha512-2N5xGLGZUxpgAYq1fD1LmBSCbxQVsXYt5JU0nU3FuPWO8PlCnKNFQwXkZgyB6mrTdg7IbexX4wxIR403dJw9pw==

querystringify@^2.1.1:
  version "2.2.0"
  resolved "https://npm.kickme.space/querystringify/-/querystringify-2.2.0.tgz#3345941b4153cb9d082d8eee4cda2016a9aef7f6"
  integrity sha512-FIqgj2EUvTa7R50u0rGsyTftzjYmv/a3hO345bZNrqabNqjtgiDMgmo4mkUjd+nzU5oF3dClKqFIPUKybUyqoQ==

requires-port@^1.0.0:
  version "1.0.0"
  resolved "https://npm.kickme.space/requires-port/-/requires-port-1.0.0.tgz#925d2601d39ac485e091cf0da5c6e694dc3dcaff"
  integrity sha1-kl0mAdOaxIXgkc8NpcbmlNw9yv8=

retry@^0.10.0:
  version "0.10.1"
  resolved "https://npm.kickme.space/retry/-/retry-0.10.1.tgz#e76388d217992c252750241d3d3956fed98d8ff4"
  integrity sha1-52OI0heZLCUnUCQdPTlW/tmNj/Q=

semver@^6.3.0:
  version "6.3.0"
  resolved "https://npm.kickme.space/semver/-/semver-6.3.0.tgz#ee0a64c8af5e8ceea67687b133761e1becbd1d3d"
  integrity sha512-b39TBaTSfV6yBrapU89p5fKekE2m/NwnDocOVruQFS1/veMgdzuPcnOM34M6CwxW8jH/lxEa5rBoDeUwu5HHTw==

source-map@^0.6.1:
  version "0.6.1"
  resolved "https://npm.kickme.space/source-map/-/source-map-0.6.1.tgz#74722af32e9614e9c287a8d0bbde48b5e2f1a263"
  integrity sha512-UjgapumWlbMhkBgzT7Ykc5YXUT46F0iKu8SGXq0bcwP5dz/h0Plj6enJqjz1Zbq2l5WaqYnrVbwWOWMyF3F47g==

tus-js-client@^2.1.1:
  version "2.2.0"
  resolved "https://npm.kickme.space/tus-js-client/-/tus-js-client-2.2.0.tgz#353db7cba7b84b46188b02fa1295344f0b483c4c"
  integrity sha512-6RM7SHJD1j3X4o+f8dX1tcPOETsSitbF+ee3Ecz4Lu5+muYJnyYMRUXbz12N7dDfoCQ14Y5EmksbDP4BGzmC8w==
  dependencies:
    buffer-from "^0.1.1"
    combine-errors "^3.0.3"
    js-base64 "^2.6.1"
    lodash.throttle "^4.1.1"
    proper-lockfile "^2.0.1"
    url-parse "^1.4.3"

typescript@^4.1.2:
  version "4.2.3"
  resolved "https://npm.kickme.space/typescript/-/typescript-4.2.3.tgz#39062d8019912d43726298f09493d598048c1ce3"
  integrity sha512-qOcYwxaByStAWrBf4x0fibwZvMRG+r4cQoTjbPtUlrWjBHbmCAww1i448U0GJ+3cNNEtebDteo/cHOR3xJ4wEw==

uglify-js@^3.1.4:
  version "3.13.3"
  resolved "https://npm.kickme.space/uglify-js/-/uglify-js-3.13.3.tgz#ce72a1ad154348ea2af61f50933c76cc8802276e"
  integrity sha512-otIc7O9LyxpUcQoXzj2hL4LPWKklO6LJWoJUzNa8A17Xgi4fOeDC8FBDOLHnC/Slo1CQgsZMcM6as0M76BZaig==

url-parse@^1.4.3, url-parse@^1.4.7:
  version "1.5.1"
  resolved "https://npm.kickme.space/url-parse/-/url-parse-1.5.1.tgz#d5fa9890af8a5e1f274a2c98376510f6425f6e3b"
  integrity sha512-HOfCOUJt7iSYzEx/UqgtwKRMC6EU91NFhsCHMv9oM03VJcVo2Qrp8T8kI9D7amFf1cu+/3CEhgb3rF9zL7k85Q==
  dependencies:
    querystringify "^2.1.1"
    requires-port "^1.0.0"

wildcard@^1.1.0:
  version "1.1.2"
  resolved "https://npm.kickme.space/wildcard/-/wildcard-1.1.2.tgz#a7020453084d8cd2efe70ba9d3696263de1710a5"
  integrity sha1-pwIEUwhNjNLv5wup02liY94XEKU=

wordwrap@^1.0.0:
  version "1.0.0"
  resolved "https://npm.kickme.space/wordwrap/-/wordwrap-1.0.0.tgz#27584810891456a4171c8d0226441ade90cbcaeb"
  integrity sha1-J1hIEIkUVqQXHI0CJkQa3pDLyus=
